
Microsoft Visual Studio Solution File, Format Version 12.00
# Visual Studio Version 17
VisualStudioVersion = 17.0.31903.59
MinimumVisualStudioVersion = 10.0.40219.1
Project("{2150E333-8FDC-42A3-9474-1A3956D46DE8}") = "src", "src", "{827E0CD3-B72D-47B6-A68D-7590B98EB39B}"
EndProject
Project("{FAE04EC0-301F-11D3-BF4B-00C04F79EFBC}") = "HapagPortal.Domain", "src\HapagPortal.Domain\HapagPortal.Domain.csproj", "{CB707DF6-A11A-433F-BC10-CF7314770D7D}"
EndProject
Project("{FAE04EC0-301F-11D3-BF4B-00C04F79EFBC}") = "HapagPortal.Application", "src\HapagPortal.Application\HapagPortal.Application.csproj", "{9389556A-2807-47AF-91C9-F3D49AF4A085}"
EndProject
Project("{FAE04EC0-301F-11D3-BF4B-00C04F79EFBC}") = "HapagPortal.Infrastructure", "src\HapagPortal.Infrastructure\HapagPortal.Infrastructure.csproj", "{E7CACDA0-92A1-4FF4-B3A5-37245A641326}"
EndProject
Project("{FAE04EC0-301F-11D3-BF4B-00C04F79EFBC}") = "HapagPortal.WebApi", "src\HapagPortal.WebApi\HapagPortal.WebApi.csproj", "{BFF16921-967B-4EA2-BDA5-64A965272AB5}"
EndProject
Project("{FAE04EC0-301F-11D3-BF4B-00C04F79EFBC}") = "HapagPortal.DatabaseMigrations", "src\HapagPortal.DatabaseMigrations\HapagPortal.DatabaseMigrations.csproj", "{9FAAD349-6FB6-4F7A-8F5B-BA00DEAE27A1}"
EndProject
Project("{2150E333-8FDC-42A3-9474-1A3956D46DE8}") = "tests", "tests", "{0AB3BF05-4346-4AA6-1389-037BE0695223}"
EndProject
Project("{FAE04EC0-301F-11D3-BF4B-00C04F79EFBC}") = "HapagPortal.UnitTests.Domain", "tests\HapagPortal.UnitTests.Domain\HapagPortal.UnitTests.Domain.csproj", "{857B3524-C3A1-4EC1-BC8D-A90ADD571DE0}"
EndProject
Project("{FAE04EC0-301F-11D3-BF4B-00C04F79EFBC}") = "HapagPortal.UnitTests.Application", "tests\HapagPortal.UnitTests.Application\HapagPortal.UnitTests.Application.csproj", "{585A65B1-1D25-4F9D-ACDE-4354036B987E}"
EndProject
Project("{FAE04EC0-301F-11D3-BF4B-00C04F79EFBC}") = "HapagPortal.UnitTests.Infrastructure", "tests\HapagPortal.UnitTests.Infrastructure\HapagPortal.UnitTests.Infrastructure.csproj", "{B2ECEAC9-9F54-412B-B72D-89734698F325}"
EndProject
Project("{FAE04EC0-301F-11D3-BF4B-00C04F79EFBC}") = "HapagPortal.UnitTests.WebApi", "tests\HapagPortal.UnitTests.WebApi\HapagPortal.UnitTests.WebApi.csproj", "{1E90E9AE-C20D-49F7-B08C-DC3E1110A918}"
EndProject
Project("{FAE04EC0-301F-11D3-BF4B-00C04F79EFBC}") = "HapagPortal.ArchitectureTests", "tests\HapagPortal.ArchitectureTests\HapagPortal.ArchitectureTests.csproj", "{0E073687-B9FC-4C75-8C22-4F027743A177}"
EndProject
Global
	GlobalSection(SolutionConfigurationPlatforms) = preSolution
		Debug|Any CPU = Debug|Any CPU
		Debug|x64 = Debug|x64
		Debug|x86 = Debug|x86
		Release|Any CPU = Release|Any CPU
		Release|x64 = Release|x64
		Release|x86 = Release|x86
	EndGlobalSection
	GlobalSection(ProjectConfigurationPlatforms) = postSolution
		{CB707DF6-A11A-433F-BC10-CF7314770D7D}.Debug|Any CPU.ActiveCfg = Debug|Any CPU
		{CB707DF6-A11A-433F-BC10-CF7314770D7D}.Debug|Any CPU.Build.0 = Debug|Any CPU
		{CB707DF6-A11A-433F-BC10-CF7314770D7D}.Debug|x64.ActiveCfg = Debug|Any CPU
		{CB707DF6-A11A-433F-BC10-CF7314770D7D}.Debug|x64.Build.0 = Debug|Any CPU
		{CB707DF6-A11A-433F-BC10-CF7314770D7D}.Debug|x86.ActiveCfg = Debug|Any CPU
		{CB707DF6-A11A-433F-BC10-CF7314770D7D}.Debug|x86.Build.0 = Debug|Any CPU
		{CB707DF6-A11A-433F-BC10-CF7314770D7D}.Release|Any CPU.ActiveCfg = Release|Any CPU
		{CB707DF6-A11A-433F-BC10-CF7314770D7D}.Release|Any CPU.Build.0 = Release|Any CPU
		{CB707DF6-A11A-433F-BC10-CF7314770D7D}.Release|x64.ActiveCfg = Release|Any CPU
		{CB707DF6-A11A-433F-BC10-CF7314770D7D}.Release|x64.Build.0 = Release|Any CPU
		{CB707DF6-A11A-433F-BC10-CF7314770D7D}.Release|x86.ActiveCfg = Release|Any CPU
		{CB707DF6-A11A-433F-BC10-CF7314770D7D}.Release|x86.Build.0 = Release|Any CPU
		{9389556A-2807-47AF-91C9-F3D49AF4A085}.Debug|Any CPU.ActiveCfg = Debug|Any CPU
		{9389556A-2807-47AF-91C9-F3D49AF4A085}.Debug|Any CPU.Build.0 = Debug|Any CPU
		{9389556A-2807-47AF-91C9-F3D49AF4A085}.Debug|x64.ActiveCfg = Debug|Any CPU
		{9389556A-2807-47AF-91C9-F3D49AF4A085}.Debug|x64.Build.0 = Debug|Any CPU
		{9389556A-2807-47AF-91C9-F3D49AF4A085}.Debug|x86.ActiveCfg = Debug|Any CPU
		{9389556A-2807-47AF-91C9-F3D49AF4A085}.Debug|x86.Build.0 = Debug|Any CPU
		{9389556A-2807-47AF-91C9-F3D49AF4A085}.Release|Any CPU.ActiveCfg = Release|Any CPU
		{9389556A-2807-47AF-91C9-F3D49AF4A085}.Release|Any CPU.Build.0 = Release|Any CPU
		{9389556A-2807-47AF-91C9-F3D49AF4A085}.Release|x64.ActiveCfg = Release|Any CPU
		{9389556A-2807-47AF-91C9-F3D49AF4A085}.Release|x64.Build.0 = Release|Any CPU
		{9389556A-2807-47AF-91C9-F3D49AF4A085}.Release|x86.ActiveCfg = Release|Any CPU
		{9389556A-2807-47AF-91C9-F3D49AF4A085}.Release|x86.Build.0 = Release|Any CPU
		{E7CACDA0-92A1-4FF4-B3A5-37245A641326}.Debug|Any CPU.ActiveCfg = Debug|Any CPU
		{E7CACDA0-92A1-4FF4-B3A5-37245A641326}.Debug|Any CPU.Build.0 = Debug|Any CPU
		{E7CACDA0-92A1-4FF4-B3A5-37245A641326}.Debug|x64.ActiveCfg = Debug|Any CPU
		{E7CACDA0-92A1-4FF4-B3A5-37245A641326}.Debug|x64.Build.0 = Debug|Any CPU
		{E7CACDA0-92A1-4FF4-B3A5-37245A641326}.Debug|x86.ActiveCfg = Debug|Any CPU
		{E7CACDA0-92A1-4FF4-B3A5-37245A641326}.Debug|x86.Build.0 = Debug|Any CPU
		{E7CACDA0-92A1-4FF4-B3A5-37245A641326}.Release|Any CPU.ActiveCfg = Release|Any CPU
		{E7CACDA0-92A1-4FF4-B3A5-37245A641326}.Release|Any CPU.Build.0 = Release|Any CPU
		{E7CACDA0-92A1-4FF4-B3A5-37245A641326}.Release|x64.ActiveCfg = Release|Any CPU
		{E7CACDA0-92A1-4FF4-B3A5-37245A641326}.Release|x64.Build.0 = Release|Any CPU
		{E7CACDA0-92A1-4FF4-B3A5-37245A641326}.Release|x86.ActiveCfg = Release|Any CPU
		{E7CACDA0-92A1-4FF4-B3A5-37245A641326}.Release|x86.Build.0 = Release|Any CPU
		{BFF16921-967B-4EA2-BDA5-64A965272AB5}.Debug|Any CPU.ActiveCfg = Debug|Any CPU
		{BFF16921-967B-4EA2-BDA5-64A965272AB5}.Debug|Any CPU.Build.0 = Debug|Any CPU
		{BFF16921-967B-4EA2-BDA5-64A965272AB5}.Debug|x64.ActiveCfg = Debug|Any CPU
		{BFF16921-967B-4EA2-BDA5-64A965272AB5}.Debug|x64.Build.0 = Debug|Any CPU
		{BFF16921-967B-4EA2-BDA5-64A965272AB5}.Debug|x86.ActiveCfg = Debug|Any CPU
		{BFF16921-967B-4EA2-BDA5-64A965272AB5}.Debug|x86.Build.0 = Debug|Any CPU
		{BFF16921-967B-4EA2-BDA5-64A965272AB5}.Release|Any CPU.ActiveCfg = Release|Any CPU
		{BFF16921-967B-4EA2-BDA5-64A965272AB5}.Release|Any CPU.Build.0 = Release|Any CPU
		{BFF16921-967B-4EA2-BDA5-64A965272AB5}.Release|x64.ActiveCfg = Release|Any CPU
		{BFF16921-967B-4EA2-BDA5-64A965272AB5}.Release|x64.Build.0 = Release|Any CPU
		{BFF16921-967B-4EA2-BDA5-64A965272AB5}.Release|x86.ActiveCfg = Release|Any CPU
		{BFF16921-967B-4EA2-BDA5-64A965272AB5}.Release|x86.Build.0 = Release|Any CPU
		{9FAAD349-6FB6-4F7A-8F5B-BA00DEAE27A1}.Debug|Any CPU.ActiveCfg = Debug|Any CPU
		{9FAAD349-6FB6-4F7A-8F5B-BA00DEAE27A1}.Debug|Any CPU.Build.0 = Debug|Any CPU
		{9FAAD349-6FB6-4F7A-8F5B-BA00DEAE27A1}.Debug|x64.ActiveCfg = Debug|Any CPU
		{9FAAD349-6FB6-4F7A-8F5B-BA00DEAE27A1}.Debug|x64.Build.0 = Debug|Any CPU
		{9FAAD349-6FB6-4F7A-8F5B-BA00DEAE27A1}.Debug|x86.ActiveCfg = Debug|Any CPU
		{9FAAD349-6FB6-4F7A-8F5B-BA00DEAE27A1}.Debug|x86.Build.0 = Debug|Any CPU
		{9FAAD349-6FB6-4F7A-8F5B-BA00DEAE27A1}.Release|Any CPU.ActiveCfg = Release|Any CPU
		{9FAAD349-6FB6-4F7A-8F5B-BA00DEAE27A1}.Release|Any CPU.Build.0 = Release|Any CPU
		{9FAAD349-6FB6-4F7A-8F5B-BA00DEAE27A1}.Release|x64.ActiveCfg = Release|Any CPU
		{9FAAD349-6FB6-4F7A-8F5B-BA00DEAE27A1}.Release|x64.Build.0 = Release|Any CPU
		{9FAAD349-6FB6-4F7A-8F5B-BA00DEAE27A1}.Release|x86.ActiveCfg = Release|Any CPU
		{9FAAD349-6FB6-4F7A-8F5B-BA00DEAE27A1}.Release|x86.Build.0 = Release|Any CPU
		{857B3524-C3A1-4EC1-BC8D-A90ADD571DE0}.Debug|Any CPU.ActiveCfg = Debug|Any CPU
		{857B3524-C3A1-4EC1-BC8D-A90ADD571DE0}.Debug|Any CPU.Build.0 = Debug|Any CPU
		{857B3524-C3A1-4EC1-BC8D-A90ADD571DE0}.Debug|x64.ActiveCfg = Debug|Any CPU
		{857B3524-C3A1-4EC1-BC8D-A90ADD571DE0}.Debug|x64.Build.0 = Debug|Any CPU
		{857B3524-C3A1-4EC1-BC8D-A90ADD571DE0}.Debug|x86.ActiveCfg = Debug|Any CPU
		{857B3524-C3A1-4EC1-BC8D-A90ADD571DE0}.Debug|x86.Build.0 = Debug|Any CPU
		{857B3524-C3A1-4EC1-BC8D-A90ADD571DE0}.Release|Any CPU.ActiveCfg = Release|Any CPU
		{857B3524-C3A1-4EC1-BC8D-A90ADD571DE0}.Release|Any CPU.Build.0 = Release|Any CPU
		{857B3524-C3A1-4EC1-BC8D-A90ADD571DE0}.Release|x64.ActiveCfg = Release|Any CPU
		{857B3524-C3A1-4EC1-BC8D-A90ADD571DE0}.Release|x64.Build.0 = Release|Any CPU
		{857B3524-C3A1-4EC1-BC8D-A90ADD571DE0}.Release|x86.ActiveCfg = Release|Any CPU
		{857B3524-C3A1-4EC1-BC8D-A90ADD571DE0}.Release|x86.Build.0 = Release|Any CPU
		{585A65B1-1D25-4F9D-ACDE-4354036B987E}.Debug|Any CPU.ActiveCfg = Debug|Any CPU
		{585A65B1-1D25-4F9D-ACDE-4354036B987E}.Debug|Any CPU.Build.0 = Debug|Any CPU
		{585A65B1-1D25-4F9D-ACDE-4354036B987E}.Debug|x64.ActiveCfg = Debug|Any CPU
		{585A65B1-1D25-4F9D-ACDE-4354036B987E}.Debug|x64.Build.0 = Debug|Any CPU
		{585A65B1-1D25-4F9D-ACDE-4354036B987E}.Debug|x86.ActiveCfg = Debug|Any CPU
		{585A65B1-1D25-4F9D-ACDE-4354036B987E}.Debug|x86.Build.0 = Debug|Any CPU
		{585A65B1-1D25-4F9D-ACDE-4354036B987E}.Release|Any CPU.ActiveCfg = Release|Any CPU
		{585A65B1-1D25-4F9D-ACDE-4354036B987E}.Release|Any CPU.Build.0 = Release|Any CPU
		{585A65B1-1D25-4F9D-ACDE-4354036B987E}.Release|x64.ActiveCfg = Release|Any CPU
		{585A65B1-1D25-4F9D-ACDE-4354036B987E}.Release|x64.Build.0 = Release|Any CPU
		{585A65B1-1D25-4F9D-ACDE-4354036B987E}.Release|x86.ActiveCfg = Release|Any CPU
		{585A65B1-1D25-4F9D-ACDE-4354036B987E}.Release|x86.Build.0 = Release|Any CPU
		{B2ECEAC9-9F54-412B-B72D-89734698F325}.Debug|Any CPU.ActiveCfg = Debug|Any CPU
		{B2ECEAC9-9F54-412B-B72D-89734698F325}.Debug|Any CPU.Build.0 = Debug|Any CPU
		{B2ECEAC9-9F54-412B-B72D-89734698F325}.Debug|x64.ActiveCfg = Debug|Any CPU
		{B2ECEAC9-9F54-412B-B72D-89734698F325}.Debug|x64.Build.0 = Debug|Any CPU
		{B2ECEAC9-9F54-412B-B72D-89734698F325}.Debug|x86.ActiveCfg = Debug|Any CPU
		{B2ECEAC9-9F54-412B-B72D-89734698F325}.Debug|x86.Build.0 = Debug|Any CPU
		{B2ECEAC9-9F54-412B-B72D-89734698F325}.Release|Any CPU.ActiveCfg = Release|Any CPU
		{B2ECEAC9-9F54-412B-B72D-89734698F325}.Release|Any CPU.Build.0 = Release|Any CPU
		{B2ECEAC9-9F54-412B-B72D-89734698F325}.Release|x64.ActiveCfg = Release|Any CPU
		{B2ECEAC9-9F54-412B-B72D-89734698F325}.Release|x64.Build.0 = Release|Any CPU
		{B2ECEAC9-9F54-412B-B72D-89734698F325}.Release|x86.ActiveCfg = Release|Any CPU
		{B2ECEAC9-9F54-412B-B72D-89734698F325}.Release|x86.Build.0 = Release|Any CPU
		{1E90E9AE-C20D-49F7-B08C-DC3E1110A918}.Debug|Any CPU.ActiveCfg = Debug|Any CPU
		{1E90E9AE-C20D-49F7-B08C-DC3E1110A918}.Debug|Any CPU.Build.0 = Debug|Any CPU
		{1E90E9AE-C20D-49F7-B08C-DC3E1110A918}.Debug|x64.ActiveCfg = Debug|Any CPU
		{1E90E9AE-C20D-49F7-B08C-DC3E1110A918}.Debug|x64.Build.0 = Debug|Any CPU
		{1E90E9AE-C20D-49F7-B08C-DC3E1110A918}.Debug|x86.ActiveCfg = Debug|Any CPU
		{1E90E9AE-C20D-49F7-B08C-DC3E1110A918}.Debug|x86.Build.0 = Debug|Any CPU
		{1E90E9AE-C20D-49F7-B08C-DC3E1110A918}.Release|Any CPU.ActiveCfg = Release|Any CPU
		{1E90E9AE-C20D-49F7-B08C-DC3E1110A918}.Release|Any CPU.Build.0 = Release|Any CPU
		{1E90E9AE-C20D-49F7-B08C-DC3E1110A918}.Release|x64.ActiveCfg = Release|Any CPU
		{1E90E9AE-C20D-49F7-B08C-DC3E1110A918}.Release|x64.Build.0 = Release|Any CPU
		{1E90E9AE-C20D-49F7-B08C-DC3E1110A918}.Release|x86.ActiveCfg = Release|Any CPU
		{1E90E9AE-C20D-49F7-B08C-DC3E1110A918}.Release|x86.Build.0 = Release|Any CPU
		{0E073687-B9FC-4C75-8C22-4F027743A177}.Debug|Any CPU.ActiveCfg = Debug|Any CPU
		{0E073687-B9FC-4C75-8C22-4F027743A177}.Debug|Any CPU.Build.0 = Debug|Any CPU
		{0E073687-B9FC-4C75-8C22-4F027743A177}.Debug|x64.ActiveCfg = Debug|Any CPU
		{0E073687-B9FC-4C75-8C22-4F027743A177}.Debug|x64.Build.0 = Debug|Any CPU
		{0E073687-B9FC-4C75-8C22-4F027743A177}.Debug|x86.ActiveCfg = Debug|Any CPU
		{0E073687-B9FC-4C75-8C22-4F027743A177}.Debug|x86.Build.0 = Debug|Any CPU
		{0E073687-B9FC-4C75-8C22-4F027743A177}.Release|Any CPU.ActiveCfg = Release|Any CPU
		{0E073687-B9FC-4C75-8C22-4F027743A177}.Release|Any CPU.Build.0 = Release|Any CPU
		{0E073687-B9FC-4C75-8C22-4F027743A177}.Release|x64.ActiveCfg = Release|Any CPU
		{0E073687-B9FC-4C75-8C22-4F027743A177}.Release|x64.Build.0 = Release|Any CPU
		{0E073687-B9FC-4C75-8C22-4F027743A177}.Release|x86.ActiveCfg = Release|Any CPU
		{0E073687-B9FC-4C75-8C22-4F027743A177}.Release|x86.Build.0 = Release|Any CPU
	EndGlobalSection
	GlobalSection(SolutionProperties) = preSolution
		HideSolutionNode = FALSE
	EndGlobalSection
	GlobalSection(NestedProjects) = preSolution
		{CB707DF6-A11A-433F-BC10-CF7314770D7D} = {827E0CD3-B72D-47B6-A68D-7590B98EB39B}
		{9389556A-2807-47AF-91C9-F3D49AF4A085} = {827E0CD3-B72D-47B6-A68D-7590B98EB39B}
		{E7CACDA0-92A1-4FF4-B3A5-37245A641326} = {827E0CD3-B72D-47B6-A68D-7590B98EB39B}
		{BFF16921-967B-4EA2-BDA5-64A965272AB5} = {827E0CD3-B72D-47B6-A68D-7590B98EB39B}
		{9FAAD349-6FB6-4F7A-8F5B-BA00DEAE27A1} = {827E0CD3-B72D-47B6-A68D-7590B98EB39B}
		{857B3524-C3A1-4EC1-BC8D-A90ADD571DE0} = {0AB3BF05-4346-4AA6-1389-037BE0695223}
		{585A65B1-1D25-4F9D-ACDE-4354036B987E} = {0AB3BF05-4346-4AA6-1389-037BE0695223}
		{B2ECEAC9-9F54-412B-B72D-89734698F325} = {0AB3BF05-4346-4AA6-1389-037BE0695223}
		{1E90E9AE-C20D-49F7-B08C-DC3E1110A918} = {0AB3BF05-4346-4AA6-1389-037BE0695223}
		{0E073687-B9FC-4C75-8C22-4F027743A177} = {0AB3BF05-4346-4AA6-1389-037BE0695223}
	EndGlobalSection
EndGlobal
